
Microsoft Visual Studio Solution File, Format Version 12.00
# Visual Studio Version 17
VisualStudioVersion = 17.0.31903.59
MinimumVisualStudioVersion = 10.0.40219.1
Project("{2150E333-8FDC-42A3-9474-1A3956D46DE8}") = "src", "src", "{827E0CD3-B72D-47B6-A68D-7590B98EB39B}"
EndProject
Project("{2150E333-8FDC-42A3-9474-1A3956D46DE8}") = "Shared", "Shared", "{C8E42992-5E42-0C2B-DBFE-AA848D06431C}"
EndProject
Project("{FAE04EC0-301F-11D3-BF4B-00C04F79EFBC}") = "AeroLux.Shared.Kernel", "src\Shared\AeroLux.Shared.Kernel\AeroLux.Shared.Kernel.csproj", "{1264B92C-BF7F-441D-8D9E-881423C54960}"
EndProject
Project("{FAE04EC0-301F-11D3-BF4B-00C04F79EFBC}") = "AeroLux.Shared.Infrastructure", "src\Shared\AeroLux.Shared.Infrastructure\AeroLux.Shared.Infrastructure.csproj", "{2FE5DC1F-55BE-4C78-83BF-28795A8BE36B}"
EndProject
Project("{2150E333-8FDC-42A3-9474-1A3956D46DE8}") = "Services", "Services", "{984BB9B3-3FA3-BE33-9484-CAC21695A33C}"
EndProject
Project("{2150E333-8FDC-42A3-9474-1A3956D46DE8}") = "Identity", "Identity", "{1BFC9479-12BF-35C3-06B8-42D89D95092B}"
EndProject
Project("{FAE04EC0-301F-11D3-BF4B-00C04F79EFBC}") = "AeroLux.Identity.Domain", "src\Services\Identity\AeroLux.Identity.Domain\AeroLux.Identity.Domain.csproj", "{B1F3277C-3594-4D5E-B7B2-0516C124378E}"
EndProject
Project("{FAE04EC0-301F-11D3-BF4B-00C04F79EFBC}") = "AeroLux.Identity.Application", "src\Services\Identity\AeroLux.Identity.Application\AeroLux.Identity.Application.csproj", "{20CFA2D1-7C45-40F0-9069-40395B704199}"
EndProject
Project("{FAE04EC0-301F-11D3-BF4B-00C04F79EFBC}") = "AeroLux.Identity.Infrastructure", "src\Services\Identity\AeroLux.Identity.Infrastructure\AeroLux.Identity.Infrastructure.csproj", "{37AA2F35-2581-4F46-9528-1C69F7FB621E}"
EndProject
Project("{FAE04EC0-301F-11D3-BF4B-00C04F79EFBC}") = "AeroLux.Identity.Api", "src\Services\Identity\AeroLux.Identity.Api\AeroLux.Identity.Api.csproj", "{E468B475-D506-4678-A0E9-4E4F3BAE681A}"
EndProject
Project("{2150E333-8FDC-42A3-9474-1A3956D46DE8}") = "Booking", "Booking", "{4123167B-43F7-B7D6-9F7F-37C16FB29096}"
EndProject
Project("{FAE04EC0-301F-11D3-BF4B-00C04F79EFBC}") = "AeroLux.Booking.Domain", "src\Services\Booking\AeroLux.Booking.Domain\AeroLux.Booking.Domain.csproj", "{EAB7AAC7-40FE-426C-9FA9-8CACAB121324}"
EndProject
Project("{FAE04EC0-301F-11D3-BF4B-00C04F79EFBC}") = "AeroLux.Booking.Application", "src\Services\Booking\AeroLux.Booking.Application\AeroLux.Booking.Application.csproj", "{07254BFA-7EC2-4A5D-8109-25E9A3AE5C3E}"
EndProject
Project("{FAE04EC0-301F-11D3-BF4B-00C04F79EFBC}") = "AeroLux.Booking.Infrastructure", "src\Services\Booking\AeroLux.Booking.Infrastructure\AeroLux.Booking.Infrastructure.csproj", "{15707340-433B-42B2-9B5E-E98F089435C5}"
EndProject
Project("{FAE04EC0-301F-11D3-BF4B-00C04F79EFBC}") = "AeroLux.Booking.Api", "src\Services\Booking\AeroLux.Booking.Api\AeroLux.Booking.Api.csproj", "{B11B263C-D7B2-4094-93ED-06D0312255D2}"
EndProject
Project("{2150E333-8FDC-42A3-9474-1A3956D46DE8}") = "Fleet", "Fleet", "{E91B102C-539A-FD09-93BC-E8EB6A012A8A}"
EndProject
Project("{FAE04EC0-301F-11D3-BF4B-00C04F79EFBC}") = "AeroLux.Fleet.Domain", "src\Services\Fleet\AeroLux.Fleet.Domain\AeroLux.Fleet.Domain.csproj", "{4B1587CC-918A-40ED-8188-13DE256F80C7}"
EndProject
Project("{FAE04EC0-301F-11D3-BF4B-00C04F79EFBC}") = "AeroLux.Fleet.Application", "src\Services\Fleet\AeroLux.Fleet.Application\AeroLux.Fleet.Application.csproj", "{086A3730-A671-43EB-9D64-37FD59C2AA33}"
EndProject
Project("{FAE04EC0-301F-11D3-BF4B-00C04F79EFBC}") = "AeroLux.Fleet.Infrastructure", "src\Services\Fleet\AeroLux.Fleet.Infrastructure\AeroLux.Fleet.Infrastructure.csproj", "{132455FC-042A-451B-8C23-C7AC5B54A5E2}"
EndProject
Project("{FAE04EC0-301F-11D3-BF4B-00C04F79EFBC}") = "AeroLux.Fleet.Api", "src\Services\Fleet\AeroLux.Fleet.Api\AeroLux.Fleet.Api.csproj", "{80BA9A7E-2A27-474C-9CC0-538587375E30}"
EndProject
Project("{2150E333-8FDC-42A3-9474-1A3956D46DE8}") = "Crew", "Crew", "{0F8116D1-DE43-1207-3EFD-2F4C661E1E6C}"
EndProject
Project("{FAE04EC0-301F-11D3-BF4B-00C04F79EFBC}") = "AeroLux.Crew.Domain", "src\Services\Crew\AeroLux.Crew.Domain\AeroLux.Crew.Domain.csproj", "{D9E65822-1D22-4BB3-AF9C-6650D2715357}"
EndProject
Project("{FAE04EC0-301F-11D3-BF4B-00C04F79EFBC}") = "AeroLux.Crew.Application", "src\Services\Crew\AeroLux.Crew.Application\AeroLux.Crew.Application.csproj", "{35DEB693-C96E-4798-BB90-CE5CCC6C846D}"
EndProject
Project("{FAE04EC0-301F-11D3-BF4B-00C04F79EFBC}") = "AeroLux.Crew.Infrastructure", "src\Services\Crew\AeroLux.Crew.Infrastructure\AeroLux.Crew.Infrastructure.csproj", "{6B5FD751-774F-473A-8E88-58A03ABD66B1}"
EndProject
Project("{FAE04EC0-301F-11D3-BF4B-00C04F79EFBC}") = "AeroLux.Crew.Api", "src\Services\Crew\AeroLux.Crew.Api\AeroLux.Crew.Api.csproj", "{B257BCB9-B3BD-4E6B-8548-7D33D633F465}"
EndProject
Project("{2150E333-8FDC-42A3-9474-1A3956D46DE8}") = "FlightOperations", "FlightOperations", "{51A25DA9-2FB9-567B-A269-A7276BDA1F1E}"
EndProject
Project("{FAE04EC0-301F-11D3-BF4B-00C04F79EFBC}") = "AeroLux.FlightOperations.Domain", "src\Services\FlightOperations\AeroLux.FlightOperations.Domain\AeroLux.FlightOperations.Domain.csproj", "{BEF60858-60DE-4360-B778-C8535A65CE3B}"
EndProject
Project("{FAE04EC0-301F-11D3-BF4B-00C04F79EFBC}") = "AeroLux.FlightOperations.Application", "src\Services\FlightOperations\AeroLux.FlightOperations.Application\AeroLux.FlightOperations.Application.csproj", "{B5351908-E243-47F8-92B6-2C00BD33354B}"
EndProject
Project("{FAE04EC0-301F-11D3-BF4B-00C04F79EFBC}") = "AeroLux.FlightOperations.Infrastructure", "src\Services\FlightOperations\AeroLux.FlightOperations.Infrastructure\AeroLux.FlightOperations.Infrastructure.csproj", "{7283D104-666F-4465-8E0D-52B6FB75FA1B}"
EndProject
Project("{FAE04EC0-301F-11D3-BF4B-00C04F79EFBC}") = "AeroLux.FlightOperations.Api", "src\Services\FlightOperations\AeroLux.FlightOperations.Api\AeroLux.FlightOperations.Api.csproj", "{47365253-81CA-4196-92D9-23F66819ED88}"
EndProject
Project("{2150E333-8FDC-42A3-9474-1A3956D46DE8}") = "FlightControl", "FlightControl", "{B22993CF-50EF-7A9E-A19C-948173F2AF74}"
EndProject
Project("{FAE04EC0-301F-11D3-BF4B-00C04F79EFBC}") = "AeroLux.FlightControl.Domain", "src\Services\FlightControl\AeroLux.FlightControl.Domain\AeroLux.FlightControl.Domain.csproj", "{6862A0B1-1A84-4941-B7C7-041ED974F0E7}"
EndProject
Project("{FAE04EC0-301F-11D3-BF4B-00C04F79EFBC}") = "AeroLux.FlightControl.Application", "src\Services\FlightControl\AeroLux.FlightControl.Application\AeroLux.FlightControl.Application.csproj", "{15E900FF-299C-41A9-BF41-B1E44EFAAAF8}"
EndProject
Project("{FAE04EC0-301F-11D3-BF4B-00C04F79EFBC}") = "AeroLux.FlightControl.Infrastructure", "src\Services\FlightControl\AeroLux.FlightControl.Infrastructure\AeroLux.FlightControl.Infrastructure.csproj", "{81FEEEE7-C06B-4BA3-87FE-E36FBAABD90C}"
EndProject
Project("{FAE04EC0-301F-11D3-BF4B-00C04F79EFBC}") = "AeroLux.FlightControl.Api", "src\Services\FlightControl\AeroLux.FlightControl.Api\AeroLux.FlightControl.Api.csproj", "{1263F528-50CB-44F7-8AB8-7AE666854931}"
EndProject
Project("{2150E333-8FDC-42A3-9474-1A3956D46DE8}") = "Tracking", "Tracking", "{4E97729A-C2DF-5990-EA33-8F909D65E19E}"
EndProject
Project("{FAE04EC0-301F-11D3-BF4B-00C04F79EFBC}") = "AeroLux.Tracking.Domain", "src\Services\Tracking\AeroLux.Tracking.Domain\AeroLux.Tracking.Domain.csproj", "{D9EDA4C1-66E6-484A-BD6B-74BFB4914F96}"
EndProject
Project("{FAE04EC0-301F-11D3-BF4B-00C04F79EFBC}") = "AeroLux.Tracking.Application", "src\Services\Tracking\AeroLux.Tracking.Application\AeroLux.Tracking.Application.csproj", "{6CCAE454-6632-4BBD-8C54-3E1C66C35912}"
EndProject
Project("{FAE04EC0-301F-11D3-BF4B-00C04F79EFBC}") = "AeroLux.Tracking.Infrastructure", "src\Services\Tracking\AeroLux.Tracking.Infrastructure\AeroLux.Tracking.Infrastructure.csproj", "{20740880-5DF4-4541-8158-2A387574CBD4}"
EndProject
Project("{FAE04EC0-301F-11D3-BF4B-00C04F79EFBC}") = "AeroLux.Tracking.Api", "src\Services\Tracking\AeroLux.Tracking.Api\AeroLux.Tracking.Api.csproj", "{B427D8A4-4D4D-4D2F-A6BF-889DC4EF6663}"
EndProject
Project("{2150E333-8FDC-42A3-9474-1A3956D46DE8}") = "Billing", "Billing", "{4C902802-2FC6-EF27-4074-A21717AF62F0}"
EndProject
Project("{FAE04EC0-301F-11D3-BF4B-00C04F79EFBC}") = "AeroLux.Billing.Domain", "src\Services\Billing\AeroLux.Billing.Domain\AeroLux.Billing.Domain.csproj", "{38529386-9BFC-48A5-8E29-39D6C2753D59}"
EndProject
Project("{FAE04EC0-301F-11D3-BF4B-00C04F79EFBC}") = "AeroLux.Billing.Application", "src\Services\Billing\AeroLux.Billing.Application\AeroLux.Billing.Application.csproj", "{4E60D75C-8115-4F27-9456-EDE8FDCCF6F9}"
EndProject
Project("{FAE04EC0-301F-11D3-BF4B-00C04F79EFBC}") = "AeroLux.Billing.Infrastructure", "src\Services\Billing\AeroLux.Billing.Infrastructure\AeroLux.Billing.Infrastructure.csproj", "{8EDDB710-610C-4F17-BA28-1B55395F49EE}"
EndProject
Project("{FAE04EC0-301F-11D3-BF4B-00C04F79EFBC}") = "AeroLux.Billing.Api", "src\Services\Billing\AeroLux.Billing.Api\AeroLux.Billing.Api.csproj", "{E37D8174-5D5B-46CA-9F3F-A975D90DB3DE}"
EndProject
Project("{2150E333-8FDC-42A3-9474-1A3956D46DE8}") = "Notification", "Notification", "{C5FBE174-8E0F-F5A3-B929-8BD0C55C0A32}"
EndProject
Project("{FAE04EC0-301F-11D3-BF4B-00C04F79EFBC}") = "AeroLux.Notification.Domain", "src\Services\Notification\AeroLux.Notification.Domain\AeroLux.Notification.Domain.csproj", "{2B104863-2739-4D1D-9943-89C7355AFAAB}"
EndProject
Project("{FAE04EC0-301F-11D3-BF4B-00C04F79EFBC}") = "AeroLux.Notification.Application", "src\Services\Notification\AeroLux.Notification.Application\AeroLux.Notification.Application.csproj", "{E05E7212-1112-41E5-A427-2522445B3A43}"
EndProject
Project("{FAE04EC0-301F-11D3-BF4B-00C04F79EFBC}") = "AeroLux.Notification.Infrastructure", "src\Services\Notification\AeroLux.Notification.Infrastructure\AeroLux.Notification.Infrastructure.csproj", "{0B42EECF-8C0A-4AC3-AC25-AB0E27370866}"
EndProject
Project("{FAE04EC0-301F-11D3-BF4B-00C04F79EFBC}") = "AeroLux.Notification.Api", "src\Services\Notification\AeroLux.Notification.Api\AeroLux.Notification.Api.csproj", "{617B523C-B7DC-4E00-BE7B-F835203AA8CE}"
EndProject
Project("{2150E333-8FDC-42A3-9474-1A3956D46DE8}") = "Audit", "Audit", "{92F42DAB-CD95-DEFE-A96E-37B7027D6435}"
EndProject
Project("{FAE04EC0-301F-11D3-BF4B-00C04F79EFBC}") = "AeroLux.Audit.Domain", "src\Services\Audit\AeroLux.Audit.Domain\AeroLux.Audit.Domain.csproj", "{D072B8E2-EC18-4811-A24A-75A633414FFA}"
EndProject
Project("{FAE04EC0-301F-11D3-BF4B-00C04F79EFBC}") = "AeroLux.Audit.Application", "src\Services\Audit\AeroLux.Audit.Application\AeroLux.Audit.Application.csproj", "{1FE291D2-B3E2-4FB8-A081-C2D6EDD3B270}"
EndProject
Project("{FAE04EC0-301F-11D3-BF4B-00C04F79EFBC}") = "AeroLux.Audit.Infrastructure", "src\Services\Audit\AeroLux.Audit.Infrastructure\AeroLux.Audit.Infrastructure.csproj", "{7738419D-D5E4-4B19-BE99-42CFF75497EC}"
EndProject
Project("{FAE04EC0-301F-11D3-BF4B-00C04F79EFBC}") = "AeroLux.Audit.Api", "src\Services\Audit\AeroLux.Audit.Api\AeroLux.Audit.Api.csproj", "{B00AC694-1D9F-4498-B15C-F12EED814D1C}"
EndProject
Project("{2150E333-8FDC-42A3-9474-1A3956D46DE8}") = "Gateway", "Gateway", "{6306A8FB-679E-111F-6585-8F70E0EE6013}"
EndProject
Project("{FAE04EC0-301F-11D3-BF4B-00C04F79EFBC}") = "AeroLux.Gateway", "src\Gateway\AeroLux.Gateway\AeroLux.Gateway.csproj", "{143CFB42-C2EE-4B08-831C-2E3FB78D5587}"
EndProject
Global
	GlobalSection(SolutionConfigurationPlatforms) = preSolution
		Debug|Any CPU = Debug|Any CPU
		Debug|x64 = Debug|x64
		Debug|x86 = Debug|x86
		Release|Any CPU = Release|Any CPU
		Release|x64 = Release|x64
		Release|x86 = Release|x86
	EndGlobalSection
	GlobalSection(ProjectConfigurationPlatforms) = postSolution
		{1264B92C-BF7F-441D-8D9E-881423C54960}.Debug|Any CPU.ActiveCfg = Debug|Any CPU
		{1264B92C-BF7F-441D-8D9E-881423C54960}.Debug|Any CPU.Build.0 = Debug|Any CPU
		{1264B92C-BF7F-441D-8D9E-881423C54960}.Debug|x64.ActiveCfg = Debug|Any CPU
		{1264B92C-BF7F-441D-8D9E-881423C54960}.Debug|x64.Build.0 = Debug|Any CPU
		{1264B92C-BF7F-441D-8D9E-881423C54960}.Debug|x86.ActiveCfg = Debug|Any CPU
		{1264B92C-BF7F-441D-8D9E-881423C54960}.Debug|x86.Build.0 = Debug|Any CPU
		{1264B92C-BF7F-441D-8D9E-881423C54960}.Release|Any CPU.ActiveCfg = Release|Any CPU
		{1264B92C-BF7F-441D-8D9E-881423C54960}.Release|Any CPU.Build.0 = Release|Any CPU
		{1264B92C-BF7F-441D-8D9E-881423C54960}.Release|x64.ActiveCfg = Release|Any CPU
		{1264B92C-BF7F-441D-8D9E-881423C54960}.Release|x64.Build.0 = Release|Any CPU
		{1264B92C-BF7F-441D-8D9E-881423C54960}.Release|x86.ActiveCfg = Release|Any CPU
		{1264B92C-BF7F-441D-8D9E-881423C54960}.Release|x86.Build.0 = Release|Any CPU
		{2FE5DC1F-55BE-4C78-83BF-28795A8BE36B}.Debug|Any CPU.ActiveCfg = Debug|Any CPU
		{2FE5DC1F-55BE-4C78-83BF-28795A8BE36B}.Debug|Any CPU.Build.0 = Debug|Any CPU
		{2FE5DC1F-55BE-4C78-83BF-28795A8BE36B}.Debug|x64.ActiveCfg = Debug|Any CPU
		{2FE5DC1F-55BE-4C78-83BF-28795A8BE36B}.Debug|x64.Build.0 = Debug|Any CPU
		{2FE5DC1F-55BE-4C78-83BF-28795A8BE36B}.Debug|x86.ActiveCfg = Debug|Any CPU
		{2FE5DC1F-55BE-4C78-83BF-28795A8BE36B}.Debug|x86.Build.0 = Debug|Any CPU
		{2FE5DC1F-55BE-4C78-83BF-28795A8BE36B}.Release|Any CPU.ActiveCfg = Release|Any CPU
		{2FE5DC1F-55BE-4C78-83BF-28795A8BE36B}.Release|Any CPU.Build.0 = Release|Any CPU
		{2FE5DC1F-55BE-4C78-83BF-28795A8BE36B}.Release|x64.ActiveCfg = Release|Any CPU
		{2FE5DC1F-55BE-4C78-83BF-28795A8BE36B}.Release|x64.Build.0 = Release|Any CPU
		{2FE5DC1F-55BE-4C78-83BF-28795A8BE36B}.Release|x86.ActiveCfg = Release|Any CPU
		{2FE5DC1F-55BE-4C78-83BF-28795A8BE36B}.Release|x86.Build.0 = Release|Any CPU
		{B1F3277C-3594-4D5E-B7B2-0516C124378E}.Debug|Any CPU.ActiveCfg = Debug|Any CPU
		{B1F3277C-3594-4D5E-B7B2-0516C124378E}.Debug|Any CPU.Build.0 = Debug|Any CPU
		{B1F3277C-3594-4D5E-B7B2-0516C124378E}.Debug|x64.ActiveCfg = Debug|Any CPU
		{B1F3277C-3594-4D5E-B7B2-0516C124378E}.Debug|x64.Build.0 = Debug|Any CPU
		{B1F3277C-3594-4D5E-B7B2-0516C124378E}.Debug|x86.ActiveCfg = Debug|Any CPU
		{B1F3277C-3594-4D5E-B7B2-0516C124378E}.Debug|x86.Build.0 = Debug|Any CPU
		{B1F3277C-3594-4D5E-B7B2-0516C124378E}.Release|Any CPU.ActiveCfg = Release|Any CPU
		{B1F3277C-3594-4D5E-B7B2-0516C124378E}.Release|Any CPU.Build.0 = Release|Any CPU
		{B1F3277C-3594-4D5E-B7B2-0516C124378E}.Release|x64.ActiveCfg = Release|Any CPU
		{B1F3277C-3594-4D5E-B7B2-0516C124378E}.Release|x64.Build.0 = Release|Any CPU
		{B1F3277C-3594-4D5E-B7B2-0516C124378E}.Release|x86.ActiveCfg = Release|Any CPU
		{B1F3277C-3594-4D5E-B7B2-0516C124378E}.Release|x86.Build.0 = Release|Any CPU
		{20CFA2D1-7C45-40F0-9069-40395B704199}.Debug|Any CPU.ActiveCfg = Debug|Any CPU
		{20CFA2D1-7C45-40F0-9069-40395B704199}.Debug|Any CPU.Build.0 = Debug|Any CPU
		{20CFA2D1-7C45-40F0-9069-40395B704199}.Debug|x64.ActiveCfg = Debug|Any CPU
		{20CFA2D1-7C45-40F0-9069-40395B704199}.Debug|x64.Build.0 = Debug|Any CPU
		{20CFA2D1-7C45-40F0-9069-40395B704199}.Debug|x86.ActiveCfg = Debug|Any CPU
		{20CFA2D1-7C45-40F0-9069-40395B704199}.Debug|x86.Build.0 = Debug|Any CPU
		{20CFA2D1-7C45-40F0-9069-40395B704199}.Release|Any CPU.ActiveCfg = Release|Any CPU
		{20CFA2D1-7C45-40F0-9069-40395B704199}.Release|Any CPU.Build.0 = Release|Any CPU
		{20CFA2D1-7C45-40F0-9069-40395B704199}.Release|x64.ActiveCfg = Release|Any CPU
		{20CFA2D1-7C45-40F0-9069-40395B704199}.Release|x64.Build.0 = Release|Any CPU
		{20CFA2D1-7C45-40F0-9069-40395B704199}.Release|x86.ActiveCfg = Release|Any CPU
		{20CFA2D1-7C45-40F0-9069-40395B704199}.Release|x86.Build.0 = Release|Any CPU
		{37AA2F35-2581-4F46-9528-1C69F7FB621E}.Debug|Any CPU.ActiveCfg = Debug|Any CPU
		{37AA2F35-2581-4F46-9528-1C69F7FB621E}.Debug|Any CPU.Build.0 = Debug|Any CPU
		{37AA2F35-2581-4F46-9528-1C69F7FB621E}.Debug|x64.ActiveCfg = Debug|Any CPU
		{37AA2F35-2581-4F46-9528-1C69F7FB621E}.Debug|x64.Build.0 = Debug|Any CPU
		{37AA2F35-2581-4F46-9528-1C69F7FB621E}.Debug|x86.ActiveCfg = Debug|Any CPU
		{37AA2F35-2581-4F46-9528-1C69F7FB621E}.Debug|x86.Build.0 = Debug|Any CPU
		{37AA2F35-2581-4F46-9528-1C69F7FB621E}.Release|Any CPU.ActiveCfg = Release|Any CPU
		{37AA2F35-2581-4F46-9528-1C69F7FB621E}.Release|Any CPU.Build.0 = Release|Any CPU
		{37AA2F35-2581-4F46-9528-1C69F7FB621E}.Release|x64.ActiveCfg = Release|Any CPU
		{37AA2F35-2581-4F46-9528-1C69F7FB621E}.Release|x64.Build.0 = Release|Any CPU
		{37AA2F35-2581-4F46-9528-1C69F7FB621E}.Release|x86.ActiveCfg = Release|Any CPU
		{37AA2F35-2581-4F46-9528-1C69F7FB621E}.Release|x86.Build.0 = Release|Any CPU
		{E468B475-D506-4678-A0E9-4E4F3BAE681A}.Debug|Any CPU.ActiveCfg = Debug|Any CPU
		{E468B475-D506-4678-A0E9-4E4F3BAE681A}.Debug|Any CPU.Build.0 = Debug|Any CPU
		{E468B475-D506-4678-A0E9-4E4F3BAE681A}.Debug|x64.ActiveCfg = Debug|Any CPU
		{E468B475-D506-4678-A0E9-4E4F3BAE681A}.Debug|x64.Build.0 = Debug|Any CPU
		{E468B475-D506-4678-A0E9-4E4F3BAE681A}.Debug|x86.ActiveCfg = Debug|Any CPU
		{E468B475-D506-4678-A0E9-4E4F3BAE681A}.Debug|x86.Build.0 = Debug|Any CPU
		{E468B475-D506-4678-A0E9-4E4F3BAE681A}.Release|Any CPU.ActiveCfg = Release|Any CPU
		{E468B475-D506-4678-A0E9-4E4F3BAE681A}.Release|Any CPU.Build.0 = Release|Any CPU
		{E468B475-D506-4678-A0E9-4E4F3BAE681A}.Release|x64.ActiveCfg = Release|Any CPU
		{E468B475-D506-4678-A0E9-4E4F3BAE681A}.Release|x64.Build.0 = Release|Any CPU
		{E468B475-D506-4678-A0E9-4E4F3BAE681A}.Release|x86.ActiveCfg = Release|Any CPU
		{E468B475-D506-4678-A0E9-4E4F3BAE681A}.Release|x86.Build.0 = Release|Any CPU
		{EAB7AAC7-40FE-426C-9FA9-8CACAB121324}.Debug|Any CPU.ActiveCfg = Debug|Any CPU
		{EAB7AAC7-40FE-426C-9FA9-8CACAB121324}.Debug|Any CPU.Build.0 = Debug|Any CPU
		{EAB7AAC7-40FE-426C-9FA9-8CACAB121324}.Debug|x64.ActiveCfg = Debug|Any CPU
		{EAB7AAC7-40FE-426C-9FA9-8CACAB121324}.Debug|x64.Build.0 = Debug|Any CPU
		{EAB7AAC7-40FE-426C-9FA9-8CACAB121324}.Debug|x86.ActiveCfg = Debug|Any CPU
		{EAB7AAC7-40FE-426C-9FA9-8CACAB121324}.Debug|x86.Build.0 = Debug|Any CPU
		{EAB7AAC7-40FE-426C-9FA9-8CACAB121324}.Release|Any CPU.ActiveCfg = Release|Any CPU
		{EAB7AAC7-40FE-426C-9FA9-8CACAB121324}.Release|Any CPU.Build.0 = Release|Any CPU
		{EAB7AAC7-40FE-426C-9FA9-8CACAB121324}.Release|x64.ActiveCfg = Release|Any CPU
		{EAB7AAC7-40FE-426C-9FA9-8CACAB121324}.Release|x64.Build.0 = Release|Any CPU
		{EAB7AAC7-40FE-426C-9FA9-8CACAB121324}.Release|x86.ActiveCfg = Release|Any CPU
		{EAB7AAC7-40FE-426C-9FA9-8CACAB121324}.Release|x86.Build.0 = Release|Any CPU
		{07254BFA-7EC2-4A5D-8109-25E9A3AE5C3E}.Debug|Any CPU.ActiveCfg = Debug|Any CPU
		{07254BFA-7EC2-4A5D-8109-25E9A3AE5C3E}.Debug|Any CPU.Build.0 = Debug|Any CPU
		{07254BFA-7EC2-4A5D-8109-25E9A3AE5C3E}.Debug|x64.ActiveCfg = Debug|Any CPU
		{07254BFA-7EC2-4A5D-8109-25E9A3AE5C3E}.Debug|x64.Build.0 = Debug|Any CPU
		{07254BFA-7EC2-4A5D-8109-25E9A3AE5C3E}.Debug|x86.ActiveCfg = Debug|Any CPU
		{07254BFA-7EC2-4A5D-8109-25E9A3AE5C3E}.Debug|x86.Build.0 = Debug|Any CPU
		{07254BFA-7EC2-4A5D-8109-25E9A3AE5C3E}.Release|Any CPU.ActiveCfg = Release|Any CPU
		{07254BFA-7EC2-4A5D-8109-25E9A3AE5C3E}.Release|Any CPU.Build.0 = Release|Any CPU
		{07254BFA-7EC2-4A5D-8109-25E9A3AE5C3E}.Release|x64.ActiveCfg = Release|Any CPU
		{07254BFA-7EC2-4A5D-8109-25E9A3AE5C3E}.Release|x64.Build.0 = Release|Any CPU
		{07254BFA-7EC2-4A5D-8109-25E9A3AE5C3E}.Release|x86.ActiveCfg = Release|Any CPU
		{07254BFA-7EC2-4A5D-8109-25E9A3AE5C3E}.Release|x86.Build.0 = Release|Any CPU
		{15707340-433B-42B2-9B5E-E98F089435C5}.Debug|Any CPU.ActiveCfg = Debug|Any CPU
		{15707340-433B-42B2-9B5E-E98F089435C5}.Debug|Any CPU.Build.0 = Debug|Any CPU
		{15707340-433B-42B2-9B5E-E98F089435C5}.Debug|x64.ActiveCfg = Debug|Any CPU
		{15707340-433B-42B2-9B5E-E98F089435C5}.Debug|x64.Build.0 = Debug|Any CPU
		{15707340-433B-42B2-9B5E-E98F089435C5}.Debug|x86.ActiveCfg = Debug|Any CPU
		{15707340-433B-42B2-9B5E-E98F089435C5}.Debug|x86.Build.0 = Debug|Any CPU
		{15707340-433B-42B2-9B5E-E98F089435C5}.Release|Any CPU.ActiveCfg = Release|Any CPU
		{15707340-433B-42B2-9B5E-E98F089435C5}.Release|Any CPU.Build.0 = Release|Any CPU
		{15707340-433B-42B2-9B5E-E98F089435C5}.Release|x64.ActiveCfg = Release|Any CPU
		{15707340-433B-42B2-9B5E-E98F089435C5}.Release|x64.Build.0 = Release|Any CPU
		{15707340-433B-42B2-9B5E-E98F089435C5}.Release|x86.ActiveCfg = Release|Any CPU
		{15707340-433B-42B2-9B5E-E98F089435C5}.Release|x86.Build.0 = Release|Any CPU
		{B11B263C-D7B2-4094-93ED-06D0312255D2}.Debug|Any CPU.ActiveCfg = Debug|Any CPU
		{B11B263C-D7B2-4094-93ED-06D0312255D2}.Debug|Any CPU.Build.0 = Debug|Any CPU
		{B11B263C-D7B2-4094-93ED-06D0312255D2}.Debug|x64.ActiveCfg = Debug|Any CPU
		{B11B263C-D7B2-4094-93ED-06D0312255D2}.Debug|x64.Build.0 = Debug|Any CPU
		{B11B263C-D7B2-4094-93ED-06D0312255D2}.Debug|x86.ActiveCfg = Debug|Any CPU
		{B11B263C-D7B2-4094-93ED-06D0312255D2}.Debug|x86.Build.0 = Debug|Any CPU
		{B11B263C-D7B2-4094-93ED-06D0312255D2}.Release|Any CPU.ActiveCfg = Release|Any CPU
		{B11B263C-D7B2-4094-93ED-06D0312255D2}.Release|Any CPU.Build.0 = Release|Any CPU
		{B11B263C-D7B2-4094-93ED-06D0312255D2}.Release|x64.ActiveCfg = Release|Any CPU
		{B11B263C-D7B2-4094-93ED-06D0312255D2}.Release|x64.Build.0 = Release|Any CPU
		{B11B263C-D7B2-4094-93ED-06D0312255D2}.Release|x86.ActiveCfg = Release|Any CPU
		{B11B263C-D7B2-4094-93ED-06D0312255D2}.Release|x86.Build.0 = Release|Any CPU
		{4B1587CC-918A-40ED-8188-13DE256F80C7}.Debug|Any CPU.ActiveCfg = Debug|Any CPU
		{4B1587CC-918A-40ED-8188-13DE256F80C7}.Debug|Any CPU.Build.0 = Debug|Any CPU
		{4B1587CC-918A-40ED-8188-13DE256F80C7}.Debug|x64.ActiveCfg = Debug|Any CPU
		{4B1587CC-918A-40ED-8188-13DE256F80C7}.Debug|x64.Build.0 = Debug|Any CPU
		{4B1587CC-918A-40ED-8188-13DE256F80C7}.Debug|x86.ActiveCfg = Debug|Any CPU
		{4B1587CC-918A-40ED-8188-13DE256F80C7}.Debug|x86.Build.0 = Debug|Any CPU
		{4B1587CC-918A-40ED-8188-13DE256F80C7}.Release|Any CPU.ActiveCfg = Release|Any CPU
		{4B1587CC-918A-40ED-8188-13DE256F80C7}.Release|Any CPU.Build.0 = Release|Any CPU
		{4B1587CC-918A-40ED-8188-13DE256F80C7}.Release|x64.ActiveCfg = Release|Any CPU
		{4B1587CC-918A-40ED-8188-13DE256F80C7}.Release|x64.Build.0 = Release|Any CPU
		{4B1587CC-918A-40ED-8188-13DE256F80C7}.Release|x86.ActiveCfg = Release|Any CPU
		{4B1587CC-918A-40ED-8188-13DE256F80C7}.Release|x86.Build.0 = Release|Any CPU
		{086A3730-A671-43EB-9D64-37FD59C2AA33}.Debug|Any CPU.ActiveCfg = Debug|Any CPU
		{086A3730-A671-43EB-9D64-37FD59C2AA33}.Debug|Any CPU.Build.0 = Debug|Any CPU
		{086A3730-A671-43EB-9D64-37FD59C2AA33}.Debug|x64.ActiveCfg = Debug|Any CPU
		{086A3730-A671-43EB-9D64-37FD59C2AA33}.Debug|x64.Build.0 = Debug|Any CPU
		{086A3730-A671-43EB-9D64-37FD59C2AA33}.Debug|x86.ActiveCfg = Debug|Any CPU
		{086A3730-A671-43EB-9D64-37FD59C2AA33}.Debug|x86.Build.0 = Debug|Any CPU
		{086A3730-A671-43EB-9D64-37FD59C2AA33}.Release|Any CPU.ActiveCfg = Release|Any CPU
		{086A3730-A671-43EB-9D64-37FD59C2AA33}.Release|Any CPU.Build.0 = Release|Any CPU
		{086A3730-A671-43EB-9D64-37FD59C2AA33}.Release|x64.ActiveCfg = Release|Any CPU
		{086A3730-A671-43EB-9D64-37FD59C2AA33}.Release|x64.Build.0 = Release|Any CPU
		{086A3730-A671-43EB-9D64-37FD59C2AA33}.Release|x86.ActiveCfg = Release|Any CPU
		{086A3730-A671-43EB-9D64-37FD59C2AA33}.Release|x86.Build.0 = Release|Any CPU
		{132455FC-042A-451B-8C23-C7AC5B54A5E2}.Debug|Any CPU.ActiveCfg = Debug|Any CPU
		{132455FC-042A-451B-8C23-C7AC5B54A5E2}.Debug|Any CPU.Build.0 = Debug|Any CPU
		{132455FC-042A-451B-8C23-C7AC5B54A5E2}.Debug|x64.ActiveCfg = Debug|Any CPU
		{132455FC-042A-451B-8C23-C7AC5B54A5E2}.Debug|x64.Build.0 = Debug|Any CPU
		{132455FC-042A-451B-8C23-C7AC5B54A5E2}.Debug|x86.ActiveCfg = Debug|Any CPU
		{132455FC-042A-451B-8C23-C7AC5B54A5E2}.Debug|x86.Build.0 = Debug|Any CPU
		{132455FC-042A-451B-8C23-C7AC5B54A5E2}.Release|Any CPU.ActiveCfg = Release|Any CPU
		{132455FC-042A-451B-8C23-C7AC5B54A5E2}.Release|Any CPU.Build.0 = Release|Any CPU
		{132455FC-042A-451B-8C23-C7AC5B54A5E2}.Release|x64.ActiveCfg = Release|Any CPU
		{132455FC-042A-451B-8C23-C7AC5B54A5E2}.Release|x64.Build.0 = Release|Any CPU
		{132455FC-042A-451B-8C23-C7AC5B54A5E2}.Release|x86.ActiveCfg = Release|Any CPU
		{132455FC-042A-451B-8C23-C7AC5B54A5E2}.Release|x86.Build.0 = Release|Any CPU
		{80BA9A7E-2A27-474C-9CC0-538587375E30}.Debug|Any CPU.ActiveCfg = Debug|Any CPU
		{80BA9A7E-2A27-474C-9CC0-538587375E30}.Debug|Any CPU.Build.0 = Debug|Any CPU
		{80BA9A7E-2A27-474C-9CC0-538587375E30}.Debug|x64.ActiveCfg = Debug|Any CPU
		{80BA9A7E-2A27-474C-9CC0-538587375E30}.Debug|x64.Build.0 = Debug|Any CPU
		{80BA9A7E-2A27-474C-9CC0-538587375E30}.Debug|x86.ActiveCfg = Debug|Any CPU
		{80BA9A7E-2A27-474C-9CC0-538587375E30}.Debug|x86.Build.0 = Debug|Any CPU
		{80BA9A7E-2A27-474C-9CC0-538587375E30}.Release|Any CPU.ActiveCfg = Release|Any CPU
		{80BA9A7E-2A27-474C-9CC0-538587375E30}.Release|Any CPU.Build.0 = Release|Any CPU
		{80BA9A7E-2A27-474C-9CC0-538587375E30}.Release|x64.ActiveCfg = Release|Any CPU
		{80BA9A7E-2A27-474C-9CC0-538587375E30}.Release|x64.Build.0 = Release|Any CPU
		{80BA9A7E-2A27-474C-9CC0-538587375E30}.Release|x86.ActiveCfg = Release|Any CPU
		{80BA9A7E-2A27-474C-9CC0-538587375E30}.Release|x86.Build.0 = Release|Any CPU
		{D9E65822-1D22-4BB3-AF9C-6650D2715357}.Debug|Any CPU.ActiveCfg = Debug|Any CPU
		{D9E65822-1D22-4BB3-AF9C-6650D2715357}.Debug|Any CPU.Build.0 = Debug|Any CPU
		{D9E65822-1D22-4BB3-AF9C-6650D2715357}.Debug|x64.ActiveCfg = Debug|Any CPU
		{D9E65822-1D22-4BB3-AF9C-6650D2715357}.Debug|x64.Build.0 = Debug|Any CPU
		{D9E65822-1D22-4BB3-AF9C-6650D2715357}.Debug|x86.ActiveCfg = Debug|Any CPU
		{D9E65822-1D22-4BB3-AF9C-6650D2715357}.Debug|x86.Build.0 = Debug|Any CPU
		{D9E65822-1D22-4BB3-AF9C-6650D2715357}.Release|Any CPU.ActiveCfg = Release|Any CPU
		{D9E65822-1D22-4BB3-AF9C-6650D2715357}.Release|Any CPU.Build.0 = Release|Any CPU
		{D9E65822-1D22-4BB3-AF9C-6650D2715357}.Release|x64.ActiveCfg = Release|Any CPU
		{D9E65822-1D22-4BB3-AF9C-6650D2715357}.Release|x64.Build.0 = Release|Any CPU
		{D9E65822-1D22-4BB3-AF9C-6650D2715357}.Release|x86.ActiveCfg = Release|Any CPU
		{D9E65822-1D22-4BB3-AF9C-6650D2715357}.Release|x86.Build.0 = Release|Any CPU
		{35DEB693-C96E-4798-BB90-CE5CCC6C846D}.Debug|Any CPU.ActiveCfg = Debug|Any CPU
		{35DEB693-C96E-4798-BB90-CE5CCC6C846D}.Debug|Any CPU.Build.0 = Debug|Any CPU
		{35DEB693-C96E-4798-BB90-CE5CCC6C846D}.Debug|x64.ActiveCfg = Debug|Any CPU
		{35DEB693-C96E-4798-BB90-CE5CCC6C846D}.Debug|x64.Build.0 = Debug|Any CPU
		{35DEB693-C96E-4798-BB90-CE5CCC6C846D}.Debug|x86.ActiveCfg = Debug|Any CPU
		{35DEB693-C96E-4798-BB90-CE5CCC6C846D}.Debug|x86.Build.0 = Debug|Any CPU
		{35DEB693-C96E-4798-BB90-CE5CCC6C846D}.Release|Any CPU.ActiveCfg = Release|Any CPU
		{35DEB693-C96E-4798-BB90-CE5CCC6C846D}.Release|Any CPU.Build.0 = Release|Any CPU
		{35DEB693-C96E-4798-BB90-CE5CCC6C846D}.Release|x64.ActiveCfg = Release|Any CPU
		{35DEB693-C96E-4798-BB90-CE5CCC6C846D}.Release|x64.Build.0 = Release|Any CPU
		{35DEB693-C96E-4798-BB90-CE5CCC6C846D}.Release|x86.ActiveCfg = Release|Any CPU
		{35DEB693-C96E-4798-BB90-CE5CCC6C846D}.Release|x86.Build.0 = Release|Any CPU
		{6B5FD751-774F-473A-8E88-58A03ABD66B1}.Debug|Any CPU.ActiveCfg = Debug|Any CPU
		{6B5FD751-774F-473A-8E88-58A03ABD66B1}.Debug|Any CPU.Build.0 = Debug|Any CPU
		{6B5FD751-774F-473A-8E88-58A03ABD66B1}.Debug|x64.ActiveCfg = Debug|Any CPU
		{6B5FD751-774F-473A-8E88-58A03ABD66B1}.Debug|x64.Build.0 = Debug|Any CPU
		{6B5FD751-774F-473A-8E88-58A03ABD66B1}.Debug|x86.ActiveCfg = Debug|Any CPU
		{6B5FD751-774F-473A-8E88-58A03ABD66B1}.Debug|x86.Build.0 = Debug|Any CPU
		{6B5FD751-774F-473A-8E88-58A03ABD66B1}.Release|Any CPU.ActiveCfg = Release|Any CPU
		{6B5FD751-774F-473A-8E88-58A03ABD66B1}.Release|Any CPU.Build.0 = Release|Any CPU
		{6B5FD751-774F-473A-8E88-58A03ABD66B1}.Release|x64.ActiveCfg = Release|Any CPU
		{6B5FD751-774F-473A-8E88-58A03ABD66B1}.Release|x64.Build.0 = Release|Any CPU
		{6B5FD751-774F-473A-8E88-58A03ABD66B1}.Release|x86.ActiveCfg = Release|Any CPU
		{6B5FD751-774F-473A-8E88-58A03ABD66B1}.Release|x86.Build.0 = Release|Any CPU
		{B257BCB9-B3BD-4E6B-8548-7D33D633F465}.Debug|Any CPU.ActiveCfg = Debug|Any CPU
		{B257BCB9-B3BD-4E6B-8548-7D33D633F465}.Debug|Any CPU.Build.0 = Debug|Any CPU
		{B257BCB9-B3BD-4E6B-8548-7D33D633F465}.Debug|x64.ActiveCfg = Debug|Any CPU
		{B257BCB9-B3BD-4E6B-8548-7D33D633F465}.Debug|x64.Build.0 = Debug|Any CPU
		{B257BCB9-B3BD-4E6B-8548-7D33D633F465}.Debug|x86.ActiveCfg = Debug|Any CPU
		{B257BCB9-B3BD-4E6B-8548-7D33D633F465}.Debug|x86.Build.0 = Debug|Any CPU
		{B257BCB9-B3BD-4E6B-8548-7D33D633F465}.Release|Any CPU.ActiveCfg = Release|Any CPU
		{B257BCB9-B3BD-4E6B-8548-7D33D633F465}.Release|Any CPU.Build.0 = Release|Any CPU
		{B257BCB9-B3BD-4E6B-8548-7D33D633F465}.Release|x64.ActiveCfg = Release|Any CPU
		{B257BCB9-B3BD-4E6B-8548-7D33D633F465}.Release|x64.Build.0 = Release|Any CPU
		{B257BCB9-B3BD-4E6B-8548-7D33D633F465}.Release|x86.ActiveCfg = Release|Any CPU
		{B257BCB9-B3BD-4E6B-8548-7D33D633F465}.Release|x86.Build.0 = Release|Any CPU
		{BEF60858-60DE-4360-B778-C8535A65CE3B}.Debug|Any CPU.ActiveCfg = Debug|Any CPU
		{BEF60858-60DE-4360-B778-C8535A65CE3B}.Debug|Any CPU.Build.0 = Debug|Any CPU
		{BEF60858-60DE-4360-B778-C8535A65CE3B}.Debug|x64.ActiveCfg = Debug|Any CPU
		{BEF60858-60DE-4360-B778-C8535A65CE3B}.Debug|x64.Build.0 = Debug|Any CPU
		{BEF60858-60DE-4360-B778-C8535A65CE3B}.Debug|x86.ActiveCfg = Debug|Any CPU
		{BEF60858-60DE-4360-B778-C8535A65CE3B}.Debug|x86.Build.0 = Debug|Any CPU
		{BEF60858-60DE-4360-B778-C8535A65CE3B}.Release|Any CPU.ActiveCfg = Release|Any CPU
		{BEF60858-60DE-4360-B778-C8535A65CE3B}.Release|Any CPU.Build.0 = Release|Any CPU
		{BEF60858-60DE-4360-B778-C8535A65CE3B}.Release|x64.ActiveCfg = Release|Any CPU
		{BEF60858-60DE-4360-B778-C8535A65CE3B}.Release|x64.Build.0 = Release|Any CPU
		{BEF60858-60DE-4360-B778-C8535A65CE3B}.Release|x86.ActiveCfg = Release|Any CPU
		{BEF60858-60DE-4360-B778-C8535A65CE3B}.Release|x86.Build.0 = Release|Any CPU
		{B5351908-E243-47F8-92B6-2C00BD33354B}.Debug|Any CPU.ActiveCfg = Debug|Any CPU
		{B5351908-E243-47F8-92B6-2C00BD33354B}.Debug|Any CPU.Build.0 = Debug|Any CPU
		{B5351908-E243-47F8-92B6-2C00BD33354B}.Debug|x64.ActiveCfg = Debug|Any CPU
		{B5351908-E243-47F8-92B6-2C00BD33354B}.Debug|x64.Build.0 = Debug|Any CPU
		{B5351908-E243-47F8-92B6-2C00BD33354B}.Debug|x86.ActiveCfg = Debug|Any CPU
		{B5351908-E243-47F8-92B6-2C00BD33354B}.Debug|x86.Build.0 = Debug|Any CPU
		{B5351908-E243-47F8-92B6-2C00BD33354B}.Release|Any CPU.ActiveCfg = Release|Any CPU
		{B5351908-E243-47F8-92B6-2C00BD33354B}.Release|Any CPU.Build.0 = Release|Any CPU
		{B5351908-E243-47F8-92B6-2C00BD33354B}.Release|x64.ActiveCfg = Release|Any CPU
		{B5351908-E243-47F8-92B6-2C00BD33354B}.Release|x64.Build.0 = Release|Any CPU
		{B5351908-E243-47F8-92B6-2C00BD33354B}.Release|x86.ActiveCfg = Release|Any CPU
		{B5351908-E243-47F8-92B6-2C00BD33354B}.Release|x86.Build.0 = Release|Any CPU
		{7283D104-666F-4465-8E0D-52B6FB75FA1B}.Debug|Any CPU.ActiveCfg = Debug|Any CPU
		{7283D104-666F-4465-8E0D-52B6FB75FA1B}.Debug|Any CPU.Build.0 = Debug|Any CPU
		{7283D104-666F-4465-8E0D-52B6FB75FA1B}.Debug|x64.ActiveCfg = Debug|Any CPU
		{7283D104-666F-4465-8E0D-52B6FB75FA1B}.Debug|x64.Build.0 = Debug|Any CPU
		{7283D104-666F-4465-8E0D-52B6FB75FA1B}.Debug|x86.ActiveCfg = Debug|Any CPU
		{7283D104-666F-4465-8E0D-52B6FB75FA1B}.Debug|x86.Build.0 = Debug|Any CPU
		{7283D104-666F-4465-8E0D-52B6FB75FA1B}.Release|Any CPU.ActiveCfg = Release|Any CPU
		{7283D104-666F-4465-8E0D-52B6FB75FA1B}.Release|Any CPU.Build.0 = Release|Any CPU
		{7283D104-666F-4465-8E0D-52B6FB75FA1B}.Release|x64.ActiveCfg = Release|Any CPU
		{7283D104-666F-4465-8E0D-52B6FB75FA1B}.Release|x64.Build.0 = Release|Any CPU
		{7283D104-666F-4465-8E0D-52B6FB75FA1B}.Release|x86.ActiveCfg = Release|Any CPU
		{7283D104-666F-4465-8E0D-52B6FB75FA1B}.Release|x86.Build.0 = Release|Any CPU
		{47365253-81CA-4196-92D9-23F66819ED88}.Debug|Any CPU.ActiveCfg = Debug|Any CPU
		{47365253-81CA-4196-92D9-23F66819ED88}.Debug|Any CPU.Build.0 = Debug|Any CPU
		{47365253-81CA-4196-92D9-23F66819ED88}.Debug|x64.ActiveCfg = Debug|Any CPU
		{47365253-81CA-4196-92D9-23F66819ED88}.Debug|x64.Build.0 = Debug|Any CPU
		{47365253-81CA-4196-92D9-23F66819ED88}.Debug|x86.ActiveCfg = Debug|Any CPU
		{47365253-81CA-4196-92D9-23F66819ED88}.Debug|x86.Build.0 = Debug|Any CPU
		{47365253-81CA-4196-92D9-23F66819ED88}.Release|Any CPU.ActiveCfg = Release|Any CPU
		{47365253-81CA-4196-92D9-23F66819ED88}.Release|Any CPU.Build.0 = Release|Any CPU
		{47365253-81CA-4196-92D9-23F66819ED88}.Release|x64.ActiveCfg = Release|Any CPU
		{47365253-81CA-4196-92D9-23F66819ED88}.Release|x64.Build.0 = Release|Any CPU
		{47365253-81CA-4196-92D9-23F66819ED88}.Release|x86.ActiveCfg = Release|Any CPU
		{47365253-81CA-4196-92D9-23F66819ED88}.Release|x86.Build.0 = Release|Any CPU
		{6862A0B1-1A84-4941-B7C7-041ED974F0E7}.Debug|Any CPU.ActiveCfg = Debug|Any CPU
		{6862A0B1-1A84-4941-B7C7-041ED974F0E7}.Debug|Any CPU.Build.0 = Debug|Any CPU
		{6862A0B1-1A84-4941-B7C7-041ED974F0E7}.Debug|x64.ActiveCfg = Debug|Any CPU
		{6862A0B1-1A84-4941-B7C7-041ED974F0E7}.Debug|x64.Build.0 = Debug|Any CPU
		{6862A0B1-1A84-4941-B7C7-041ED974F0E7}.Debug|x86.ActiveCfg = Debug|Any CPU
		{6862A0B1-1A84-4941-B7C7-041ED974F0E7}.Debug|x86.Build.0 = Debug|Any CPU
		{6862A0B1-1A84-4941-B7C7-041ED974F0E7}.Release|Any CPU.ActiveCfg = Release|Any CPU
		{6862A0B1-1A84-4941-B7C7-041ED974F0E7}.Release|Any CPU.Build.0 = Release|Any CPU
		{6862A0B1-1A84-4941-B7C7-041ED974F0E7}.Release|x64.ActiveCfg = Release|Any CPU
		{6862A0B1-1A84-4941-B7C7-041ED974F0E7}.Release|x64.Build.0 = Release|Any CPU
		{6862A0B1-1A84-4941-B7C7-041ED974F0E7}.Release|x86.ActiveCfg = Release|Any CPU
		{6862A0B1-1A84-4941-B7C7-041ED974F0E7}.Release|x86.Build.0 = Release|Any CPU
		{15E900FF-299C-41A9-BF41-B1E44EFAAAF8}.Debug|Any CPU.ActiveCfg = Debug|Any CPU
		{15E900FF-299C-41A9-BF41-B1E44EFAAAF8}.Debug|Any CPU.Build.0 = Debug|Any CPU
		{15E900FF-299C-41A9-BF41-B1E44EFAAAF8}.Debug|x64.ActiveCfg = Debug|Any CPU
		{15E900FF-299C-41A9-BF41-B1E44EFAAAF8}.Debug|x64.Build.0 = Debug|Any CPU
		{15E900FF-299C-41A9-BF41-B1E44EFAAAF8}.Debug|x86.ActiveCfg = Debug|Any CPU
		{15E900FF-299C-41A9-BF41-B1E44EFAAAF8}.Debug|x86.Build.0 = Debug|Any CPU
		{15E900FF-299C-41A9-BF41-B1E44EFAAAF8}.Release|Any CPU.ActiveCfg = Release|Any CPU
		{15E900FF-299C-41A9-BF41-B1E44EFAAAF8}.Release|Any CPU.Build.0 = Release|Any CPU
		{15E900FF-299C-41A9-BF41-B1E44EFAAAF8}.Release|x64.ActiveCfg = Release|Any CPU
		{15E900FF-299C-41A9-BF41-B1E44EFAAAF8}.Release|x64.Build.0 = Release|Any CPU
		{15E900FF-299C-41A9-BF41-B1E44EFAAAF8}.Release|x86.ActiveCfg = Release|Any CPU
		{15E900FF-299C-41A9-BF41-B1E44EFAAAF8}.Release|x86.Build.0 = Release|Any CPU
		{81FEEEE7-C06B-4BA3-87FE-E36FBAABD90C}.Debug|Any CPU.ActiveCfg = Debug|Any CPU
		{81FEEEE7-C06B-4BA3-87FE-E36FBAABD90C}.Debug|Any CPU.Build.0 = Debug|Any CPU
		{81FEEEE7-C06B-4BA3-87FE-E36FBAABD90C}.Debug|x64.ActiveCfg = Debug|Any CPU
		{81FEEEE7-C06B-4BA3-87FE-E36FBAABD90C}.Debug|x64.Build.0 = Debug|Any CPU
		{81FEEEE7-C06B-4BA3-87FE-E36FBAABD90C}.Debug|x86.ActiveCfg = Debug|Any CPU
		{81FEEEE7-C06B-4BA3-87FE-E36FBAABD90C}.Debug|x86.Build.0 = Debug|Any CPU
		{81FEEEE7-C06B-4BA3-87FE-E36FBAABD90C}.Release|Any CPU.ActiveCfg = Release|Any CPU
		{81FEEEE7-C06B-4BA3-87FE-E36FBAABD90C}.Release|Any CPU.Build.0 = Release|Any CPU
		{81FEEEE7-C06B-4BA3-87FE-E36FBAABD90C}.Release|x64.ActiveCfg = Release|Any CPU
		{81FEEEE7-C06B-4BA3-87FE-E36FBAABD90C}.Release|x64.Build.0 = Release|Any CPU
		{81FEEEE7-C06B-4BA3-87FE-E36FBAABD90C}.Release|x86.ActiveCfg = Release|Any CPU
		{81FEEEE7-C06B-4BA3-87FE-E36FBAABD90C}.Release|x86.Build.0 = Release|Any CPU
		{1263F528-50CB-44F7-8AB8-7AE666854931}.Debug|Any CPU.ActiveCfg = Debug|Any CPU
		{1263F528-50CB-44F7-8AB8-7AE666854931}.Debug|Any CPU.Build.0 = Debug|Any CPU
		{1263F528-50CB-44F7-8AB8-7AE666854931}.Debug|x64.ActiveCfg = Debug|Any CPU
		{1263F528-50CB-44F7-8AB8-7AE666854931}.Debug|x64.Build.0 = Debug|Any CPU
		{1263F528-50CB-44F7-8AB8-7AE666854931}.Debug|x86.ActiveCfg = Debug|Any CPU
		{1263F528-50CB-44F7-8AB8-7AE666854931}.Debug|x86.Build.0 = Debug|Any CPU
		{1263F528-50CB-44F7-8AB8-7AE666854931}.Release|Any CPU.ActiveCfg = Release|Any CPU
		{1263F528-50CB-44F7-8AB8-7AE666854931}.Release|Any CPU.Build.0 = Release|Any CPU
		{1263F528-50CB-44F7-8AB8-7AE666854931}.Release|x64.ActiveCfg = Release|Any CPU
		{1263F528-50CB-44F7-8AB8-7AE666854931}.Release|x64.Build.0 = Release|Any CPU
		{1263F528-50CB-44F7-8AB8-7AE666854931}.Release|x86.ActiveCfg = Release|Any CPU
		{1263F528-50CB-44F7-8AB8-7AE666854931}.Release|x86.Build.0 = Release|Any CPU
		{D9EDA4C1-66E6-484A-BD6B-74BFB4914F96}.Debug|Any CPU.ActiveCfg = Debug|Any CPU
		{D9EDA4C1-66E6-484A-BD6B-74BFB4914F96}.Debug|Any CPU.Build.0 = Debug|Any CPU
		{D9EDA4C1-66E6-484A-BD6B-74BFB4914F96}.Debug|x64.ActiveCfg = Debug|Any CPU
		{D9EDA4C1-66E6-484A-BD6B-74BFB4914F96}.Debug|x64.Build.0 = Debug|Any CPU
		{D9EDA4C1-66E6-484A-BD6B-74BFB4914F96}.Debug|x86.ActiveCfg = Debug|Any CPU
		{D9EDA4C1-66E6-484A-BD6B-74BFB4914F96}.Debug|x86.Build.0 = Debug|Any CPU
		{D9EDA4C1-66E6-484A-BD6B-74BFB4914F96}.Release|Any CPU.ActiveCfg = Release|Any CPU
		{D9EDA4C1-66E6-484A-BD6B-74BFB4914F96}.Release|Any CPU.Build.0 = Release|Any CPU
		{D9EDA4C1-66E6-484A-BD6B-74BFB4914F96}.Release|x64.ActiveCfg = Release|Any CPU
		{D9EDA4C1-66E6-484A-BD6B-74BFB4914F96}.Release|x64.Build.0 = Release|Any CPU
		{D9EDA4C1-66E6-484A-BD6B-74BFB4914F96}.Release|x86.ActiveCfg = Release|Any CPU
		{D9EDA4C1-66E6-484A-BD6B-74BFB4914F96}.Release|x86.Build.0 = Release|Any CPU
		{6CCAE454-6632-4BBD-8C54-3E1C66C35912}.Debug|Any CPU.ActiveCfg = Debug|Any CPU
		{6CCAE454-6632-4BBD-8C54-3E1C66C35912}.Debug|Any CPU.Build.0 = Debug|Any CPU
		{6CCAE454-6632-4BBD-8C54-3E1C66C35912}.Debug|x64.ActiveCfg = Debug|Any CPU
		{6CCAE454-6632-4BBD-8C54-3E1C66C35912}.Debug|x64.Build.0 = Debug|Any CPU
		{6CCAE454-6632-4BBD-8C54-3E1C66C35912}.Debug|x86.ActiveCfg = Debug|Any CPU
		{6CCAE454-6632-4BBD-8C54-3E1C66C35912}.Debug|x86.Build.0 = Debug|Any CPU
		{6CCAE454-6632-4BBD-8C54-3E1C66C35912}.Release|Any CPU.ActiveCfg = Release|Any CPU
		{6CCAE454-6632-4BBD-8C54-3E1C66C35912}.Release|Any CPU.Build.0 = Release|Any CPU
		{6CCAE454-6632-4BBD-8C54-3E1C66C35912}.Release|x64.ActiveCfg = Release|Any CPU
		{6CCAE454-6632-4BBD-8C54-3E1C66C35912}.Release|x64.Build.0 = Release|Any CPU
		{6CCAE454-6632-4BBD-8C54-3E1C66C35912}.Release|x86.ActiveCfg = Release|Any CPU
		{6CCAE454-6632-4BBD-8C54-3E1C66C35912}.Release|x86.Build.0 = Release|Any CPU
		{20740880-5DF4-4541-8158-2A387574CBD4}.Debug|Any CPU.ActiveCfg = Debug|Any CPU
		{20740880-5DF4-4541-8158-2A387574CBD4}.Debug|Any CPU.Build.0 = Debug|Any CPU
		{20740880-5DF4-4541-8158-2A387574CBD4}.Debug|x64.ActiveCfg = Debug|Any CPU
		{20740880-5DF4-4541-8158-2A387574CBD4}.Debug|x64.Build.0 = Debug|Any CPU
		{20740880-5DF4-4541-8158-2A387574CBD4}.Debug|x86.ActiveCfg = Debug|Any CPU
		{20740880-5DF4-4541-8158-2A387574CBD4}.Debug|x86.Build.0 = Debug|Any CPU
		{20740880-5DF4-4541-8158-2A387574CBD4}.Release|Any CPU.ActiveCfg = Release|Any CPU
		{20740880-5DF4-4541-8158-2A387574CBD4}.Release|Any CPU.Build.0 = Release|Any CPU
		{20740880-5DF4-4541-8158-2A387574CBD4}.Release|x64.ActiveCfg = Release|Any CPU
		{20740880-5DF4-4541-8158-2A387574CBD4}.Release|x64.Build.0 = Release|Any CPU
		{20740880-5DF4-4541-8158-2A387574CBD4}.Release|x86.ActiveCfg = Release|Any CPU
		{20740880-5DF4-4541-8158-2A387574CBD4}.Release|x86.Build.0 = Release|Any CPU
		{B427D8A4-4D4D-4D2F-A6BF-889DC4EF6663}.Debug|Any CPU.ActiveCfg = Debug|Any CPU
		{B427D8A4-4D4D-4D2F-A6BF-889DC4EF6663}.Debug|Any CPU.Build.0 = Debug|Any CPU
		{B427D8A4-4D4D-4D2F-A6BF-889DC4EF6663}.Debug|x64.ActiveCfg = Debug|Any CPU
		{B427D8A4-4D4D-4D2F-A6BF-889DC4EF6663}.Debug|x64.Build.0 = Debug|Any CPU
		{B427D8A4-4D4D-4D2F-A6BF-889DC4EF6663}.Debug|x86.ActiveCfg = Debug|Any CPU
		{B427D8A4-4D4D-4D2F-A6BF-889DC4EF6663}.Debug|x86.Build.0 = Debug|Any CPU
		{B427D8A4-4D4D-4D2F-A6BF-889DC4EF6663}.Release|Any CPU.ActiveCfg = Release|Any CPU
		{B427D8A4-4D4D-4D2F-A6BF-889DC4EF6663}.Release|Any CPU.Build.0 = Release|Any CPU
		{B427D8A4-4D4D-4D2F-A6BF-889DC4EF6663}.Release|x64.ActiveCfg = Release|Any CPU
		{B427D8A4-4D4D-4D2F-A6BF-889DC4EF6663}.Release|x64.Build.0 = Release|Any CPU
		{B427D8A4-4D4D-4D2F-A6BF-889DC4EF6663}.Release|x86.ActiveCfg = Release|Any CPU
		{B427D8A4-4D4D-4D2F-A6BF-889DC4EF6663}.Release|x86.Build.0 = Release|Any CPU
		{38529386-9BFC-48A5-8E29-39D6C2753D59}.Debug|Any CPU.ActiveCfg = Debug|Any CPU
		{38529386-9BFC-48A5-8E29-39D6C2753D59}.Debug|Any CPU.Build.0 = Debug|Any CPU
		{38529386-9BFC-48A5-8E29-39D6C2753D59}.Debug|x64.ActiveCfg = Debug|Any CPU
		{38529386-9BFC-48A5-8E29-39D6C2753D59}.Debug|x64.Build.0 = Debug|Any CPU
		{38529386-9BFC-48A5-8E29-39D6C2753D59}.Debug|x86.ActiveCfg = Debug|Any CPU
		{38529386-9BFC-48A5-8E29-39D6C2753D59}.Debug|x86.Build.0 = Debug|Any CPU
		{38529386-9BFC-48A5-8E29-39D6C2753D59}.Release|Any CPU.ActiveCfg = Release|Any CPU
		{38529386-9BFC-48A5-8E29-39D6C2753D59}.Release|Any CPU.Build.0 = Release|Any CPU
		{38529386-9BFC-48A5-8E29-39D6C2753D59}.Release|x64.ActiveCfg = Release|Any CPU
		{38529386-9BFC-48A5-8E29-39D6C2753D59}.Release|x64.Build.0 = Release|Any CPU
		{38529386-9BFC-48A5-8E29-39D6C2753D59}.Release|x86.ActiveCfg = Release|Any CPU
		{38529386-9BFC-48A5-8E29-39D6C2753D59}.Release|x86.Build.0 = Release|Any CPU
		{4E60D75C-8115-4F27-9456-EDE8FDCCF6F9}.Debug|Any CPU.ActiveCfg = Debug|Any CPU
		{4E60D75C-8115-4F27-9456-EDE8FDCCF6F9}.Debug|Any CPU.Build.0 = Debug|Any CPU
		{4E60D75C-8115-4F27-9456-EDE8FDCCF6F9}.Debug|x64.ActiveCfg = Debug|Any CPU
		{4E60D75C-8115-4F27-9456-EDE8FDCCF6F9}.Debug|x64.Build.0 = Debug|Any CPU
		{4E60D75C-8115-4F27-9456-EDE8FDCCF6F9}.Debug|x86.ActiveCfg = Debug|Any CPU
		{4E60D75C-8115-4F27-9456-EDE8FDCCF6F9}.Debug|x86.Build.0 = Debug|Any CPU
		{4E60D75C-8115-4F27-9456-EDE8FDCCF6F9}.Release|Any CPU.ActiveCfg = Release|Any CPU
		{4E60D75C-8115-4F27-9456-EDE8FDCCF6F9}.Release|Any CPU.Build.0 = Release|Any CPU
		{4E60D75C-8115-4F27-9456-EDE8FDCCF6F9}.Release|x64.ActiveCfg = Release|Any CPU
		{4E60D75C-8115-4F27-9456-EDE8FDCCF6F9}.Release|x64.Build.0 = Release|Any CPU
		{4E60D75C-8115-4F27-9456-EDE8FDCCF6F9}.Release|x86.ActiveCfg = Release|Any CPU
		{4E60D75C-8115-4F27-9456-EDE8FDCCF6F9}.Release|x86.Build.0 = Release|Any CPU
		{8EDDB710-610C-4F17-BA28-1B55395F49EE}.Debug|Any CPU.ActiveCfg = Debug|Any CPU
		{8EDDB710-610C-4F17-BA28-1B55395F49EE}.Debug|Any CPU.Build.0 = Debug|Any CPU
		{8EDDB710-610C-4F17-BA28-1B55395F49EE}.Debug|x64.ActiveCfg = Debug|Any CPU
		{8EDDB710-610C-4F17-BA28-1B55395F49EE}.Debug|x64.Build.0 = Debug|Any CPU
		{8EDDB710-610C-4F17-BA28-1B55395F49EE}.Debug|x86.ActiveCfg = Debug|Any CPU
		{8EDDB710-610C-4F17-BA28-1B55395F49EE}.Debug|x86.Build.0 = Debug|Any CPU
		{8EDDB710-610C-4F17-BA28-1B55395F49EE}.Release|Any CPU.ActiveCfg = Release|Any CPU
		{8EDDB710-610C-4F17-BA28-1B55395F49EE}.Release|Any CPU.Build.0 = Release|Any CPU
		{8EDDB710-610C-4F17-BA28-1B55395F49EE}.Release|x64.ActiveCfg = Release|Any CPU
		{8EDDB710-610C-4F17-BA28-1B55395F49EE}.Release|x64.Build.0 = Release|Any CPU
		{8EDDB710-610C-4F17-BA28-1B55395F49EE}.Release|x86.ActiveCfg = Release|Any CPU
		{8EDDB710-610C-4F17-BA28-1B55395F49EE}.Release|x86.Build.0 = Release|Any CPU
		{E37D8174-5D5B-46CA-9F3F-A975D90DB3DE}.Debug|Any CPU.ActiveCfg = Debug|Any CPU
		{E37D8174-5D5B-46CA-9F3F-A975D90DB3DE}.Debug|Any CPU.Build.0 = Debug|Any CPU
		{E37D8174-5D5B-46CA-9F3F-A975D90DB3DE}.Debug|x64.ActiveCfg = Debug|Any CPU
		{E37D8174-5D5B-46CA-9F3F-A975D90DB3DE}.Debug|x64.Build.0 = Debug|Any CPU
		{E37D8174-5D5B-46CA-9F3F-A975D90DB3DE}.Debug|x86.ActiveCfg = Debug|Any CPU
		{E37D8174-5D5B-46CA-9F3F-A975D90DB3DE}.Debug|x86.Build.0 = Debug|Any CPU
		{E37D8174-5D5B-46CA-9F3F-A975D90DB3DE}.Release|Any CPU.ActiveCfg = Release|Any CPU
		{E37D8174-5D5B-46CA-9F3F-A975D90DB3DE}.Release|Any CPU.Build.0 = Release|Any CPU
		{E37D8174-5D5B-46CA-9F3F-A975D90DB3DE}.Release|x64.ActiveCfg = Release|Any CPU
		{E37D8174-5D5B-46CA-9F3F-A975D90DB3DE}.Release|x64.Build.0 = Release|Any CPU
		{E37D8174-5D5B-46CA-9F3F-A975D90DB3DE}.Release|x86.ActiveCfg = Release|Any CPU
		{E37D8174-5D5B-46CA-9F3F-A975D90DB3DE}.Release|x86.Build.0 = Release|Any CPU
		{2B104863-2739-4D1D-9943-89C7355AFAAB}.Debug|Any CPU.ActiveCfg = Debug|Any CPU
		{2B104863-2739-4D1D-9943-89C7355AFAAB}.Debug|Any CPU.Build.0 = Debug|Any CPU
		{2B104863-2739-4D1D-9943-89C7355AFAAB}.Debug|x64.ActiveCfg = Debug|Any CPU
		{2B104863-2739-4D1D-9943-89C7355AFAAB}.Debug|x64.Build.0 = Debug|Any CPU
		{2B104863-2739-4D1D-9943-89C7355AFAAB}.Debug|x86.ActiveCfg = Debug|Any CPU
		{2B104863-2739-4D1D-9943-89C7355AFAAB}.Debug|x86.Build.0 = Debug|Any CPU
		{2B104863-2739-4D1D-9943-89C7355AFAAB}.Release|Any CPU.ActiveCfg = Release|Any CPU
		{2B104863-2739-4D1D-9943-89C7355AFAAB}.Release|Any CPU.Build.0 = Release|Any CPU
		{2B104863-2739-4D1D-9943-89C7355AFAAB}.Release|x64.ActiveCfg = Release|Any CPU
		{2B104863-2739-4D1D-9943-89C7355AFAAB}.Release|x64.Build.0 = Release|Any CPU
		{2B104863-2739-4D1D-9943-89C7355AFAAB}.Release|x86.ActiveCfg = Release|Any CPU
		{2B104863-2739-4D1D-9943-89C7355AFAAB}.Release|x86.Build.0 = Release|Any CPU
		{E05E7212-1112-41E5-A427-2522445B3A43}.Debug|Any CPU.ActiveCfg = Debug|Any CPU
		{E05E7212-1112-41E5-A427-2522445B3A43}.Debug|Any CPU.Build.0 = Debug|Any CPU
		{E05E7212-1112-41E5-A427-2522445B3A43}.Debug|x64.ActiveCfg = Debug|Any CPU
		{E05E7212-1112-41E5-A427-2522445B3A43}.Debug|x64.Build.0 = Debug|Any CPU
		{E05E7212-1112-41E5-A427-2522445B3A43}.Debug|x86.ActiveCfg = Debug|Any CPU
		{E05E7212-1112-41E5-A427-2522445B3A43}.Debug|x86.Build.0 = Debug|Any CPU
		{E05E7212-1112-41E5-A427-2522445B3A43}.Release|Any CPU.ActiveCfg = Release|Any CPU
		{E05E7212-1112-41E5-A427-2522445B3A43}.Release|Any CPU.Build.0 = Release|Any CPU
		{E05E7212-1112-41E5-A427-2522445B3A43}.Release|x64.ActiveCfg = Release|Any CPU
		{E05E7212-1112-41E5-A427-2522445B3A43}.Release|x64.Build.0 = Release|Any CPU
		{E05E7212-1112-41E5-A427-2522445B3A43}.Release|x86.ActiveCfg = Release|Any CPU
		{E05E7212-1112-41E5-A427-2522445B3A43}.Release|x86.Build.0 = Release|Any CPU
		{0B42EECF-8C0A-4AC3-AC25-AB0E27370866}.Debug|Any CPU.ActiveCfg = Debug|Any CPU
		{0B42EECF-8C0A-4AC3-AC25-AB0E27370866}.Debug|Any CPU.Build.0 = Debug|Any CPU
		{0B42EECF-8C0A-4AC3-AC25-AB0E27370866}.Debug|x64.ActiveCfg = Debug|Any CPU
		{0B42EECF-8C0A-4AC3-AC25-AB0E27370866}.Debug|x64.Build.0 = Debug|Any CPU
		{0B42EECF-8C0A-4AC3-AC25-AB0E27370866}.Debug|x86.ActiveCfg = Debug|Any CPU
		{0B42EECF-8C0A-4AC3-AC25-AB0E27370866}.Debug|x86.Build.0 = Debug|Any CPU
		{0B42EECF-8C0A-4AC3-AC25-AB0E27370866}.Release|Any CPU.ActiveCfg = Release|Any CPU
		{0B42EECF-8C0A-4AC3-AC25-AB0E27370866}.Release|Any CPU.Build.0 = Release|Any CPU
		{0B42EECF-8C0A-4AC3-AC25-AB0E27370866}.Release|x64.ActiveCfg = Release|Any CPU
		{0B42EECF-8C0A-4AC3-AC25-AB0E27370866}.Release|x64.Build.0 = Release|Any CPU
		{0B42EECF-8C0A-4AC3-AC25-AB0E27370866}.Release|x86.ActiveCfg = Release|Any CPU
		{0B42EECF-8C0A-4AC3-AC25-AB0E27370866}.Release|x86.Build.0 = Release|Any CPU
		{617B523C-B7DC-4E00-BE7B-F835203AA8CE}.Debug|Any CPU.ActiveCfg = Debug|Any CPU
		{617B523C-B7DC-4E00-BE7B-F835203AA8CE}.Debug|Any CPU.Build.0 = Debug|Any CPU
		{617B523C-B7DC-4E00-BE7B-F835203AA8CE}.Debug|x64.ActiveCfg = Debug|Any CPU
		{617B523C-B7DC-4E00-BE7B-F835203AA8CE}.Debug|x64.Build.0 = Debug|Any CPU
		{617B523C-B7DC-4E00-BE7B-F835203AA8CE}.Debug|x86.ActiveCfg = Debug|Any CPU
		{617B523C-B7DC-4E00-BE7B-F835203AA8CE}.Debug|x86.Build.0 = Debug|Any CPU
		{617B523C-B7DC-4E00-BE7B-F835203AA8CE}.Release|Any CPU.ActiveCfg = Release|Any CPU
		{617B523C-B7DC-4E00-BE7B-F835203AA8CE}.Release|Any CPU.Build.0 = Release|Any CPU
		{617B523C-B7DC-4E00-BE7B-F835203AA8CE}.Release|x64.ActiveCfg = Release|Any CPU
		{617B523C-B7DC-4E00-BE7B-F835203AA8CE}.Release|x64.Build.0 = Release|Any CPU
		{617B523C-B7DC-4E00-BE7B-F835203AA8CE}.Release|x86.ActiveCfg = Release|Any CPU
		{617B523C-B7DC-4E00-BE7B-F835203AA8CE}.Release|x86.Build.0 = Release|Any CPU
		{D072B8E2-EC18-4811-A24A-75A633414FFA}.Debug|Any CPU.ActiveCfg = Debug|Any CPU
		{D072B8E2-EC18-4811-A24A-75A633414FFA}.Debug|Any CPU.Build.0 = Debug|Any CPU
		{D072B8E2-EC18-4811-A24A-75A633414FFA}.Debug|x64.ActiveCfg = Debug|Any CPU
		{D072B8E2-EC18-4811-A24A-75A633414FFA}.Debug|x64.Build.0 = Debug|Any CPU
		{D072B8E2-EC18-4811-A24A-75A633414FFA}.Debug|x86.ActiveCfg = Debug|Any CPU
		{D072B8E2-EC18-4811-A24A-75A633414FFA}.Debug|x86.Build.0 = Debug|Any CPU
		{D072B8E2-EC18-4811-A24A-75A633414FFA}.Release|Any CPU.ActiveCfg = Release|Any CPU
		{D072B8E2-EC18-4811-A24A-75A633414FFA}.Release|Any CPU.Build.0 = Release|Any CPU
		{D072B8E2-EC18-4811-A24A-75A633414FFA}.Release|x64.ActiveCfg = Release|Any CPU
		{D072B8E2-EC18-4811-A24A-75A633414FFA}.Release|x64.Build.0 = Release|Any CPU
		{D072B8E2-EC18-4811-A24A-75A633414FFA}.Release|x86.ActiveCfg = Release|Any CPU
		{D072B8E2-EC18-4811-A24A-75A633414FFA}.Release|x86.Build.0 = Release|Any CPU
		{1FE291D2-B3E2-4FB8-A081-C2D6EDD3B270}.Debug|Any CPU.ActiveCfg = Debug|Any CPU
		{1FE291D2-B3E2-4FB8-A081-C2D6EDD3B270}.Debug|Any CPU.Build.0 = Debug|Any CPU
		{1FE291D2-B3E2-4FB8-A081-C2D6EDD3B270}.Debug|x64.ActiveCfg = Debug|Any CPU
		{1FE291D2-B3E2-4FB8-A081-C2D6EDD3B270}.Debug|x64.Build.0 = Debug|Any CPU
		{1FE291D2-B3E2-4FB8-A081-C2D6EDD3B270}.Debug|x86.ActiveCfg = Debug|Any CPU
		{1FE291D2-B3E2-4FB8-A081-C2D6EDD3B270}.Debug|x86.Build.0 = Debug|Any CPU
		{1FE291D2-B3E2-4FB8-A081-C2D6EDD3B270}.Release|Any CPU.ActiveCfg = Release|Any CPU
		{1FE291D2-B3E2-4FB8-A081-C2D6EDD3B270}.Release|Any CPU.Build.0 = Release|Any CPU
		{1FE291D2-B3E2-4FB8-A081-C2D6EDD3B270}.Release|x64.ActiveCfg = Release|Any CPU
		{1FE291D2-B3E2-4FB8-A081-C2D6EDD3B270}.Release|x64.Build.0 = Release|Any CPU
		{1FE291D2-B3E2-4FB8-A081-C2D6EDD3B270}.Release|x86.ActiveCfg = Release|Any CPU
		{1FE291D2-B3E2-4FB8-A081-C2D6EDD3B270}.Release|x86.Build.0 = Release|Any CPU
		{7738419D-D5E4-4B19-BE99-42CFF75497EC}.Debug|Any CPU.ActiveCfg = Debug|Any CPU
		{7738419D-D5E4-4B19-BE99-42CFF75497EC}.Debug|Any CPU.Build.0 = Debug|Any CPU
		{7738419D-D5E4-4B19-BE99-42CFF75497EC}.Debug|x64.ActiveCfg = Debug|Any CPU
		{7738419D-D5E4-4B19-BE99-42CFF75497EC}.Debug|x64.Build.0 = Debug|Any CPU
		{7738419D-D5E4-4B19-BE99-42CFF75497EC}.Debug|x86.ActiveCfg = Debug|Any CPU
		{7738419D-D5E4-4B19-BE99-42CFF75497EC}.Debug|x86.Build.0 = Debug|Any CPU
		{7738419D-D5E4-4B19-BE99-42CFF75497EC}.Release|Any CPU.ActiveCfg = Release|Any CPU
		{7738419D-D5E4-4B19-BE99-42CFF75497EC}.Release|Any CPU.Build.0 = Release|Any CPU
		{7738419D-D5E4-4B19-BE99-42CFF75497EC}.Release|x64.ActiveCfg = Release|Any CPU
		{7738419D-D5E4-4B19-BE99-42CFF75497EC}.Release|x64.Build.0 = Release|Any CPU
		{7738419D-D5E4-4B19-BE99-42CFF75497EC}.Release|x86.ActiveCfg = Release|Any CPU
		{7738419D-D5E4-4B19-BE99-42CFF75497EC}.Release|x86.Build.0 = Release|Any CPU
		{B00AC694-1D9F-4498-B15C-F12EED814D1C}.Debug|Any CPU.ActiveCfg = Debug|Any CPU
		{B00AC694-1D9F-4498-B15C-F12EED814D1C}.Debug|Any CPU.Build.0 = Debug|Any CPU
		{B00AC694-1D9F-4498-B15C-F12EED814D1C}.Debug|x64.ActiveCfg = Debug|Any CPU
		{B00AC694-1D9F-4498-B15C-F12EED814D1C}.Debug|x64.Build.0 = Debug|Any CPU
		{B00AC694-1D9F-4498-B15C-F12EED814D1C}.Debug|x86.ActiveCfg = Debug|Any CPU
		{B00AC694-1D9F-4498-B15C-F12EED814D1C}.Debug|x86.Build.0 = Debug|Any CPU
		{B00AC694-1D9F-4498-B15C-F12EED814D1C}.Release|Any CPU.ActiveCfg = Release|Any CPU
		{B00AC694-1D9F-4498-B15C-F12EED814D1C}.Release|Any CPU.Build.0 = Release|Any CPU
		{B00AC694-1D9F-4498-B15C-F12EED814D1C}.Release|x64.ActiveCfg = Release|Any CPU
		{B00AC694-1D9F-4498-B15C-F12EED814D1C}.Release|x64.Build.0 = Release|Any CPU
		{B00AC694-1D9F-4498-B15C-F12EED814D1C}.Release|x86.ActiveCfg = Release|Any CPU
		{B00AC694-1D9F-4498-B15C-F12EED814D1C}.Release|x86.Build.0 = Release|Any CPU
		{143CFB42-C2EE-4B08-831C-2E3FB78D5587}.Debug|Any CPU.ActiveCfg = Debug|Any CPU
		{143CFB42-C2EE-4B08-831C-2E3FB78D5587}.Debug|Any CPU.Build.0 = Debug|Any CPU
		{143CFB42-C2EE-4B08-831C-2E3FB78D5587}.Debug|x64.ActiveCfg = Debug|Any CPU
		{143CFB42-C2EE-4B08-831C-2E3FB78D5587}.Debug|x64.Build.0 = Debug|Any CPU
		{143CFB42-C2EE-4B08-831C-2E3FB78D5587}.Debug|x86.ActiveCfg = Debug|Any CPU
		{143CFB42-C2EE-4B08-831C-2E3FB78D5587}.Debug|x86.Build.0 = Debug|Any CPU
		{143CFB42-C2EE-4B08-831C-2E3FB78D5587}.Release|Any CPU.ActiveCfg = Release|Any CPU
		{143CFB42-C2EE-4B08-831C-2E3FB78D5587}.Release|Any CPU.Build.0 = Release|Any CPU
		{143CFB42-C2EE-4B08-831C-2E3FB78D5587}.Release|x64.ActiveCfg = Release|Any CPU
		{143CFB42-C2EE-4B08-831C-2E3FB78D5587}.Release|x64.Build.0 = Release|Any CPU
		{143CFB42-C2EE-4B08-831C-2E3FB78D5587}.Release|x86.ActiveCfg = Release|Any CPU
		{143CFB42-C2EE-4B08-831C-2E3FB78D5587}.Release|x86.Build.0 = Release|Any CPU
	EndGlobalSection
	GlobalSection(SolutionProperties) = preSolution
		HideSolutionNode = FALSE
	EndGlobalSection
	GlobalSection(NestedProjects) = preSolution
		{C8E42992-5E42-0C2B-DBFE-AA848D06431C} = {827E0CD3-B72D-47B6-A68D-7590B98EB39B}
		{1264B92C-BF7F-441D-8D9E-881423C54960} = {C8E42992-5E42-0C2B-DBFE-AA848D06431C}
		{2FE5DC1F-55BE-4C78-83BF-28795A8BE36B} = {C8E42992-5E42-0C2B-DBFE-AA848D06431C}
		{984BB9B3-3FA3-BE33-9484-CAC21695A33C} = {827E0CD3-B72D-47B6-A68D-7590B98EB39B}
		{1BFC9479-12BF-35C3-06B8-42D89D95092B} = {984BB9B3-3FA3-BE33-9484-CAC21695A33C}
		{B1F3277C-3594-4D5E-B7B2-0516C124378E} = {1BFC9479-12BF-35C3-06B8-42D89D95092B}
		{20CFA2D1-7C45-40F0-9069-40395B704199} = {1BFC9479-12BF-35C3-06B8-42D89D95092B}
		{37AA2F35-2581-4F46-9528-1C69F7FB621E} = {1BFC9479-12BF-35C3-06B8-42D89D95092B}
		{E468B475-D506-4678-A0E9-4E4F3BAE681A} = {1BFC9479-12BF-35C3-06B8-42D89D95092B}
		{4123167B-43F7-B7D6-9F7F-37C16FB29096} = {984BB9B3-3FA3-BE33-9484-CAC21695A33C}
		{EAB7AAC7-40FE-426C-9FA9-8CACAB121324} = {4123167B-43F7-B7D6-9F7F-37C16FB29096}
		{07254BFA-7EC2-4A5D-8109-25E9A3AE5C3E} = {4123167B-43F7-B7D6-9F7F-37C16FB29096}
		{15707340-433B-42B2-9B5E-E98F089435C5} = {4123167B-43F7-B7D6-9F7F-37C16FB29096}
		{B11B263C-D7B2-4094-93ED-06D0312255D2} = {4123167B-43F7-B7D6-9F7F-37C16FB29096}
		{E91B102C-539A-FD09-93BC-E8EB6A012A8A} = {984BB9B3-3FA3-BE33-9484-CAC21695A33C}
		{4B1587CC-918A-40ED-8188-13DE256F80C7} = {E91B102C-539A-FD09-93BC-E8EB6A012A8A}
		{086A3730-A671-43EB-9D64-37FD59C2AA33} = {E91B102C-539A-FD09-93BC-E8EB6A012A8A}
		{132455FC-042A-451B-8C23-C7AC5B54A5E2} = {E91B102C-539A-FD09-93BC-E8EB6A012A8A}
		{80BA9A7E-2A27-474C-9CC0-538587375E30} = {E91B102C-539A-FD09-93BC-E8EB6A012A8A}
		{0F8116D1-DE43-1207-3EFD-2F4C661E1E6C} = {984BB9B3-3FA3-BE33-9484-CAC21695A33C}
		{D9E65822-1D22-4BB3-AF9C-6650D2715357} = {0F8116D1-DE43-1207-3EFD-2F4C661E1E6C}
		{35DEB693-C96E-4798-BB90-CE5CCC6C846D} = {0F8116D1-DE43-1207-3EFD-2F4C661E1E6C}
		{6B5FD751-774F-473A-8E88-58A03ABD66B1} = {0F8116D1-DE43-1207-3EFD-2F4C661E1E6C}
		{B257BCB9-B3BD-4E6B-8548-7D33D633F465} = {0F8116D1-DE43-1207-3EFD-2F4C661E1E6C}
		{51A25DA9-2FB9-567B-A269-A7276BDA1F1E} = {984BB9B3-3FA3-BE33-9484-CAC21695A33C}
		{BEF60858-60DE-4360-B778-C8535A65CE3B} = {51A25DA9-2FB9-567B-A269-A7276BDA1F1E}
		{B5351908-E243-47F8-92B6-2C00BD33354B} = {51A25DA9-2FB9-567B-A269-A7276BDA1F1E}
		{7283D104-666F-4465-8E0D-52B6FB75FA1B} = {51A25DA9-2FB9-567B-A269-A7276BDA1F1E}
		{47365253-81CA-4196-92D9-23F66819ED88} = {51A25DA9-2FB9-567B-A269-A7276BDA1F1E}
		{B22993CF-50EF-7A9E-A19C-948173F2AF74} = {984BB9B3-3FA3-BE33-9484-CAC21695A33C}
		{6862A0B1-1A84-4941-B7C7-041ED974F0E7} = {B22993CF-50EF-7A9E-A19C-948173F2AF74}
		{15E900FF-299C-41A9-BF41-B1E44EFAAAF8} = {B22993CF-50EF-7A9E-A19C-948173F2AF74}
		{81FEEEE7-C06B-4BA3-87FE-E36FBAABD90C} = {B22993CF-50EF-7A9E-A19C-948173F2AF74}
		{1263F528-50CB-44F7-8AB8-7AE666854931} = {B22993CF-50EF-7A9E-A19C-948173F2AF74}
		{4E97729A-C2DF-5990-EA33-8F909D65E19E} = {984BB9B3-3FA3-BE33-9484-CAC21695A33C}
		{D9EDA4C1-66E6-484A-BD6B-74BFB4914F96} = {4E97729A-C2DF-5990-EA33-8F909D65E19E}
		{6CCAE454-6632-4BBD-8C54-3E1C66C35912} = {4E97729A-C2DF-5990-EA33-8F909D65E19E}
		{20740880-5DF4-4541-8158-2A387574CBD4} = {4E97729A-C2DF-5990-EA33-8F909D65E19E}
		{B427D8A4-4D4D-4D2F-A6BF-889DC4EF6663} = {4E97729A-C2DF-5990-EA33-8F909D65E19E}
		{4C902802-2FC6-EF27-4074-A21717AF62F0} = {984BB9B3-3FA3-BE33-9484-CAC21695A33C}
		{38529386-9BFC-48A5-8E29-39D6C2753D59} = {4C902802-2FC6-EF27-4074-A21717AF62F0}
		{4E60D75C-8115-4F27-9456-EDE8FDCCF6F9} = {4C902802-2FC6-EF27-4074-A21717AF62F0}
		{8EDDB710-610C-4F17-BA28-1B55395F49EE} = {4C902802-2FC6-EF27-4074-A21717AF62F0}
		{E37D8174-5D5B-46CA-9F3F-A975D90DB3DE} = {4C902802-2FC6-EF27-4074-A21717AF62F0}
		{C5FBE174-8E0F-F5A3-B929-8BD0C55C0A32} = {984BB9B3-3FA3-BE33-9484-CAC21695A33C}
		{2B104863-2739-4D1D-9943-89C7355AFAAB} = {C5FBE174-8E0F-F5A3-B929-8BD0C55C0A32}
		{E05E7212-1112-41E5-A427-2522445B3A43} = {C5FBE174-8E0F-F5A3-B929-8BD0C55C0A32}
		{0B42EECF-8C0A-4AC3-AC25-AB0E27370866} = {C5FBE174-8E0F-F5A3-B929-8BD0C55C0A32}
		{617B523C-B7DC-4E00-BE7B-F835203AA8CE} = {C5FBE174-8E0F-F5A3-B929-8BD0C55C0A32}
		{92F42DAB-CD95-DEFE-A96E-37B7027D6435} = {984BB9B3-3FA3-BE33-9484-CAC21695A33C}
		{D072B8E2-EC18-4811-A24A-75A633414FFA} = {92F42DAB-CD95-DEFE-A96E-37B7027D6435}
		{1FE291D2-B3E2-4FB8-A081-C2D6EDD3B270} = {92F42DAB-CD95-DEFE-A96E-37B7027D6435}
		{7738419D-D5E4-4B19-BE99-42CFF75497EC} = {92F42DAB-CD95-DEFE-A96E-37B7027D6435}
		{B00AC694-1D9F-4498-B15C-F12EED814D1C} = {92F42DAB-CD95-DEFE-A96E-37B7027D6435}
		{6306A8FB-679E-111F-6585-8F70E0EE6013} = {827E0CD3-B72D-47B6-A68D-7590B98EB39B}
		{143CFB42-C2EE-4B08-831C-2E3FB78D5587} = {6306A8FB-679E-111F-6585-8F70E0EE6013}
	EndGlobalSection
EndGlobal
